version: 7
platforms:
- name: linux-64
  virtual-packages:
  - __unix=0=0
  - __linux=4.18
  - __glibc=2.28
  - __archspec=0=x86_64
environments:
  default:
    channels:
    - url: https://prefix.dev/conda-forge/
    packages:
      linux-64:
      - conda: https://prefix.dev/conda-forge/linux-64/_openmp_mutex-4.5-20_gnu.conda
      - conda: https://prefix.dev/conda-forge/linux-64/bcrypt-5.0.0-py314h2e6c369_1.conda
      - conda: https://prefix.dev/conda-forge/linux-64/brotli-python-1.2.0-py314h3de4e8d_1.conda
      - conda: https://prefix.dev/conda-forge/linux-64/bzip2-1.0.8-hda65f42_9.conda
      - conda: https://prefix.dev/conda-forge/linux-64/cffi-2.1.0-py314h4a8dc5f_0.conda
      - conda: https://prefix.dev/conda-forge/linux-64/cryptography-49.0.0-py314h7fe84b3_0.conda
      - conda: https://prefix.dev/conda-forge/linux-64/ld_impl_linux-64-2.46.1-default_hbd61a6d_102.conda
      - conda: https://prefix.dev/conda-forge/linux-64/libexpat-2.8.1-hecca717_1.conda
      - conda: https://prefix.dev/conda-forge/linux-64/libffi-3.5.2-h3435931_0.conda
      - conda: https://prefix.dev/conda-forge/linux-64/libgcc-15.2.0-he0feb66_19.conda
      - conda: https://prefix.dev/conda-forge/linux-64/libgomp-15.2.0-he0feb66_19.conda
      - conda: https://prefix.dev/conda-forge/linux-64/liblzma-5.8.3-hb03c661_0.conda
      - conda: https://prefix.dev/conda-forge/linux-64/libmpdec-4.0.0-hb03c661_1.conda
      - conda: https://prefix.dev/conda-forge/linux-64/libsodium-1.0.22-h280c20c_1.conda
      - conda: https://prefix.dev/conda-forge/linux-64/libsqlite-3.53.3-h0c1763c_0.conda
      - conda: https://prefix.dev/conda-forge/linux-64/libstdcxx-15.2.0-h934c35e_19.conda
      - conda: https://prefix.dev/conda-forge/linux-64/libuuid-2.42.2-h5347b49_0.conda
      - conda: https://prefix.dev/conda-forge/linux-64/libzlib-1.3.2-h25fd6f3_2.conda
      - conda: https://prefix.dev/conda-forge/linux-64/ncurses-6.6-hdb14827_0.conda
      - conda: https://prefix.dev/conda-forge/linux-64/openssl-3.6.3-h35e630c_0.conda
      - conda: https://prefix.dev/conda-forge/linux-64/pynacl-1.6.2-py314h3129cac_3.conda
      - conda: https://prefix.dev/conda-forge/linux-64/python-3.14.6-habeac84_100_cp314.conda
      - conda: https://prefix.dev/conda-forge/linux-64/pywin32-312-py314hf7abadb_0.conda
      - conda: https://prefix.dev/conda-forge/linux-64/pyyaml-6.0.3-py314h67df5f8_1.conda
      - conda: https://prefix.dev/conda-forge/linux-64/readline-8.3-h853b02a_0.conda
      - conda: https://prefix.dev/conda-forge/linux-64/tk-8.6.13-noxft_hd70dff1_3.conda
      - conda: https://prefix.dev/conda-forge/linux-64/yaml-0.2.5-h280c20c_3.conda
      - conda: https://prefix.dev/conda-forge/linux-64/zstd-1.5.7-hb78ec9c_6.conda
      - conda: https://prefix.dev/conda-forge/noarch/backports.zstd-1.6.0-py314h680f03e_0.conda
      - conda: https://prefix.dev/conda-forge/noarch/ca-certificates-2026.6.17-hbd8a1cb_0.conda
      - conda: https://prefix.dev/conda-forge/noarch/certifi-2026.6.17-pyhd8ed1ab_0.conda
      - conda: https://prefix.dev/conda-forge/noarch/charset-normalizer-3.4.9-pyhd8ed1ab_0.conda
      - conda: https://prefix.dev/conda-forge/noarch/colorama-0.4.6-pyhd8ed1ab_1.conda
      - conda: https://prefix.dev/conda-forge/noarch/docker-py-7.2.0-pyhcf101f3_1.conda
      - conda: https://prefix.dev/conda-forge/noarch/exceptiongroup-1.3.1-pyhd8ed1ab_0.conda
      - conda: https://prefix.dev/conda-forge/noarch/h2-4.3.0-pyhcf101f3_0.conda
      - conda: https://prefix.dev/conda-forge/noarch/hpack-4.2.0-pyhd8ed1ab_0.conda
      - conda: https://prefix.dev/conda-forge/noarch/hyperframe-6.1.0-pyhd8ed1ab_0.conda
      - conda: https://prefix.dev/conda-forge/noarch/idna-3.18-pyhcf101f3_0.conda
      - conda: https://prefix.dev/conda-forge/noarch/iniconfig-2.3.0-pyhd8ed1ab_0.conda
      - conda: https://prefix.dev/conda-forge/noarch/invoke-3.0.3-pyhd8ed1ab_0.conda
      - conda: https://prefix.dev/conda-forge/noarch/packaging-26.2-pyhc364b38_0.conda
      - conda: https://prefix.dev/conda-forge/noarch/paramiko-5.0.0-pyhd8ed1ab_0.conda
      - conda: https://prefix.dev/conda-forge/noarch/pluggy-1.6.0-pyhf9edf01_1.conda
      - conda: https://prefix.dev/conda-forge/noarch/pycparser-3.0-pyhcf101f3_0.conda
      - conda: https://prefix.dev/conda-forge/noarch/pygments-2.20.0-pyhd8ed1ab_0.conda
      - conda: https://prefix.dev/conda-forge/noarch/pysocks-1.7.1-pyha55dd90_7.conda
      - conda: https://prefix.dev/conda-forge/noarch/pytest-9.1.1-pyhc364b38_2.conda
      - conda: https://prefix.dev/conda-forge/noarch/python_abi-3.14-8_cp314.conda
      - conda: https://prefix.dev/conda-forge/noarch/requests-2.34.2-pyhcf101f3_0.conda
      - conda: https://prefix.dev/conda-forge/noarch/six-1.17.0-pyhe01879c_1.conda
      - conda: https://prefix.dev/conda-forge/noarch/tomli-2.4.1-pyhcf101f3_0.conda
      - conda: https://prefix.dev/conda-forge/noarch/typing_extensions-4.16.0-pyhcf101f3_0.conda
      - conda: https://prefix.dev/conda-forge/noarch/tzdata-2026c-h151e31d_0.conda
      - conda: https://prefix.dev/conda-forge/noarch/urllib3-2.7.0-pyhd8ed1ab_0.conda
      - conda: https://prefix.dev/conda-forge/noarch/websocket-client-1.9.0-pyhd8ed1ab_0.conda
      - conda_source: contents[8d7daaf1] @ .
  release:
    channels:
    - url: https://prefix.dev/conda-forge/
    packages:
      linux-64:
      - conda: https://prefix.dev/conda-forge/linux-64/_openmp_mutex-4.5-20_gnu.conda
      - conda: https://prefix.dev/conda-forge/linux-64/bcrypt-5.0.0-py314h2e6c369_1.conda
      - conda: https://prefix.dev/conda-forge/linux-64/brotli-python-1.2.0-py314h3de4e8d_1.conda
      - conda: https://prefix.dev/conda-forge/linux-64/bzip2-1.0.8-hda65f42_9.conda
      - conda: https://prefix.dev/conda-forge/linux-64/cffi-2.1.0-py314h4a8dc5f_0.conda
      - conda: https://prefix.dev/conda-forge/linux-64/cryptography-49.0.0-py314h7fe84b3_0.conda
      - conda: https://prefix.dev/conda-forge/linux-64/ld_impl_linux-64-2.46.1-default_hbd61a6d_102.conda
      - conda: https://prefix.dev/conda-forge/linux-64/libexpat-2.8.1-hecca717_1.conda
      - conda: https://prefix.dev/conda-forge/linux-64/libffi-3.5.2-h3435931_0.conda
      - conda: https://prefix.dev/conda-forge/linux-64/libgcc-15.2.0-he0feb66_19.conda
      - conda: https://prefix.dev/conda-forge/linux-64/libgomp-15.2.0-he0feb66_19.conda
      - conda: https://prefix.dev/conda-forge/linux-64/liblzma-5.8.3-hb03c661_0.conda
      - conda: https://prefix.dev/conda-forge/linux-64/libmpdec-4.0.0-hb03c661_1.conda
      - conda: https://prefix.dev/conda-forge/linux-64/libsodium-1.0.22-h280c20c_1.conda
      - conda: https://prefix.dev/conda-forge/linux-64/libsqlite-3.53.3-h0c1763c_0.conda
      - conda: https://prefix.dev/conda-forge/linux-64/libstdcxx-15.2.0-h934c35e_19.conda
      - conda: https://prefix.dev/conda-forge/linux-64/libuuid-2.42.2-h5347b49_0.conda
      - conda: https://prefix.dev/conda-forge/linux-64/libzlib-1.3.2-h25fd6f3_2.conda
      - conda: https://prefix.dev/conda-forge/linux-64/ncurses-6.6-hdb14827_0.conda
      - conda: https://prefix.dev/conda-forge/linux-64/openssl-3.6.3-h35e630c_0.conda
      - conda: https://prefix.dev/conda-forge/linux-64/patchelf-0.18.0-h3f2d84a_2.conda
      - conda: https://prefix.dev/conda-forge/linux-64/pynacl-1.6.2-py314h3129cac_3.conda
      - conda: https://prefix.dev/conda-forge/linux-64/python-3.14.6-habeac84_100_cp314.conda
      - conda: https://prefix.dev/conda-forge/linux-64/pywin32-312-py314hf7abadb_0.conda
      - conda: https://prefix.dev/conda-forge/linux-64/pyyaml-6.0.3-py314h67df5f8_1.conda
      - conda: https://prefix.dev/conda-forge/linux-64/rattler-build-0.69.1-ha759004_0.conda
      - conda: https://prefix.dev/conda-forge/linux-64/readline-8.3-h853b02a_0.conda
      - conda: https://prefix.dev/conda-forge/linux-64/tk-8.6.13-noxft_hd70dff1_3.conda
      - conda: https://prefix.dev/conda-forge/linux-64/yaml-0.2.5-h280c20c_3.conda
      - conda: https://prefix.dev/conda-forge/linux-64/zstd-1.5.7-hb78ec9c_6.conda
      - conda: https://prefix.dev/conda-forge/noarch/backports.zstd-1.6.0-py314h680f03e_0.conda
      - conda: https://prefix.dev/conda-forge/noarch/ca-certificates-2026.6.17-hbd8a1cb_0.conda
      - conda: https://prefix.dev/conda-forge/noarch/certifi-2026.6.17-pyhd8ed1ab_0.conda
      - conda: https://prefix.dev/conda-forge/noarch/charset-normalizer-3.4.9-pyhd8ed1ab_0.conda
      - conda: https://prefix.dev/conda-forge/noarch/docker-py-7.2.0-pyhcf101f3_1.conda
      - conda: https://prefix.dev/conda-forge/noarch/h2-4.3.0-pyhcf101f3_0.conda
      - conda: https://prefix.dev/conda-forge/noarch/hpack-4.2.0-pyhd8ed1ab_0.conda
      - conda: https://prefix.dev/conda-forge/noarch/hyperframe-6.1.0-pyhd8ed1ab_0.conda
      - conda: https://prefix.dev/conda-forge/noarch/idna-3.18-pyhcf101f3_0.conda
      - conda: https://prefix.dev/conda-forge/noarch/invoke-3.0.3-pyhd8ed1ab_0.conda
      - conda: https://prefix.dev/conda-forge/noarch/paramiko-5.0.0-pyhd8ed1ab_0.conda
      - conda: https://prefix.dev/conda-forge/noarch/pycparser-3.0-pyhcf101f3_0.conda
      - conda: https://prefix.dev/conda-forge/noarch/pysocks-1.7.1-pyha55dd90_7.conda
      - conda: https://prefix.dev/conda-forge/noarch/python_abi-3.14-8_cp314.conda
      - conda: https://prefix.dev/conda-forge/noarch/requests-2.34.2-pyhcf101f3_0.conda
      - conda: https://prefix.dev/conda-forge/noarch/six-1.17.0-pyhe01879c_1.conda
      - conda: https://prefix.dev/conda-forge/noarch/tzdata-2026c-h151e31d_0.conda
      - conda: https://prefix.dev/conda-forge/noarch/urllib3-2.7.0-pyhd8ed1ab_0.conda
      - conda: https://prefix.dev/conda-forge/noarch/websocket-client-1.9.0-pyhd8ed1ab_0.conda
      - conda_source: contents[8d7daaf1] @ .
packages:
- conda: https://prefix.dev/conda-forge/linux-64/_openmp_mutex-4.5-20_gnu.conda
  build_number: 20
  sha256: 1dd3fffd892081df9726d7eb7e0dea6198962ba775bd88842135a4ddb4deb3c9
  md5: a9f577daf3de00bca7c3c76c0ecbd1de
  depends:
  - __glibc >=2.17,<3.0.a0
  - libgomp >=7.5.0
  constrains:
  - openmp_impl <0.0a0
  license: BSD-3-Clause
  license_family: BSD
  run_exports:
    strong:
    - _openmp_mutex >=4.5
  size: 28948
  timestamp: 1770939786096
- conda: https://prefix.dev/conda-forge/linux-64/bcrypt-5.0.0-py314h2e6c369_1.conda
  sha256: 1ca9b0d228362574bd503f557152eb3ca2eb8bf70663b3a755d8020202e03885
  md5: 6f7d83cec0fff00ca9a772034411fa12
  depends:
  - python
  - __glibc >=2.17,<3.0.a0
  - libgcc >=14
  - python_abi 3.14.* *_cp314
  constrains:
  - __glibc >=2.17
  license: Apache-2.0
  license_family: APACHE
  run_exports: {}
  size: 292368
  timestamp: 1762497706993
- conda: https://prefix.dev/conda-forge/linux-64/brotli-python-1.2.0-py314h3de4e8d_1.conda
  sha256: 3ad3500bff54a781c29f16ce1b288b36606e2189d0b0ef2f67036554f47f12b0
  md5: 8910d2c46f7e7b519129f486e0fe927a
  depends:
  - __glibc >=2.17,<3.0.a0
  - libgcc >=14
  - libstdcxx >=14
  - python >=3.14,<3.15.0a0
  - python_abi 3.14.* *_cp314
  constrains:
  - libbrotlicommon 1.2.0 hb03c661_1
  license: MIT
  license_family: MIT
  run_exports: {}
  size: 367376
  timestamp: 1764017265553
- conda: https://prefix.dev/conda-forge/linux-64/bzip2-1.0.8-hda65f42_9.conda
  sha256: 0b75d45f0bba3e95dc693336fa51f40ea28c980131fec438afb7ce6118ed05f6
  md5: d2ffd7602c02f2b316fd921d39876885
  depends:
  - __glibc >=2.17,<3.0.a0
  - libgcc >=14
  license: bzip2-1.0.6
  license_family: BSD
  run_exports:
    weak:
    - bzip2 >=1.0.8,<2.0a0
  size: 260182
  timestamp: 1771350215188
- conda: https://prefix.dev/conda-forge/linux-64/cffi-2.1.0-py314h4a8dc5f_0.conda
  sha256: 39d0d45c4c73162c0aadd0b1bce6ce42ca354da65979f49d6084ff00ed5c26b4
  md5: 26f3b9c52441a170b2008cbc227f740a
  depends:
  - __glibc >=2.17,<3.0.a0
  - libffi >=3.5.2,<3.6.0a0
  - libgcc >=14
  - pycparser
  - python >=3.14,<3.15.0a0
  - python_abi 3.14.* *_cp314
  license: MIT
  license_family: MIT
  run_exports: {}
  size: 306297
  timestamp: 1783424159025
- conda: https://prefix.dev/conda-forge/linux-64/cryptography-49.0.0-py314h7fe84b3_0.conda
  sha256: 1c8128f2ba8fccf627729968de7fe7504dbb775c829e533439c9ee52134800fd
  md5: b1dd101231d277ad724c40c788f6fdd8
  depends:
  - __glibc >=2.17,<3.0.a0
  - cffi >=2.0
  - libgcc >=14
  - openssl >=3.5.7,<4.0a0
  - python >=3.14,<3.15.0a0
  - python_abi 3.14.* *_cp314
  constrains:
  - __glibc >=2.17
  license: Apache-2.0 AND BSD-3-Clause AND PSF-2.0 AND MIT
  license_family: BSD
  run_exports: {}
  size: 1930691
  timestamp: 1781385496617
- conda: https://prefix.dev/conda-forge/linux-64/ld_impl_linux-64-2.46.1-default_hbd61a6d_102.conda
  sha256: 27d83f1188cd19bcb7754a078b3fa7f4cfb8527f8eb2fde54dd01fc529d1adec
  md5: 449500f2c089da11c40f5c21312e3e07
  depends:
  - __glibc >=2.17,<3.0.a0
  - zstd >=1.5.7,<1.6.0a0
  constrains:
  - binutils_impl_linux-64 2.46.1
  license: GPL-3.0-only
  license_family: GPL
  run_exports: {}
  size: 745303
  timestamp: 1784214507189
- conda: https://prefix.dev/conda-forge/linux-64/libexpat-2.8.1-hecca717_1.conda
  sha256: 16feffd9ddbbe5b718515d38ee376c685ba95491cd901244e24671d20b952a77
  md5: b24d3c612f71e7aa74158d92106318b2
  depends:
  - __glibc >=2.17,<3.0.a0
  - libgcc >=14
  constrains:
  - expat 2.8.1.*
  license: MIT
  license_family: MIT
  run_exports: {}
  size: 77856
  timestamp: 1781203599810
- conda: https://prefix.dev/conda-forge/linux-64/libffi-3.5.2-h3435931_0.conda
  sha256: 31f19b6a88ce40ebc0d5a992c131f57d919f73c0b92cd1617a5bec83f6e961e6
  md5: a360c33a5abe61c07959e449fa1453eb
  depends:
  - __glibc >=2.17,<3.0.a0
  - libgcc >=14
  license: MIT
  license_family: MIT
  run_exports:
    weak:
    - libffi >=3.5.2,<3.6.0a0
  size: 58592
  timestamp: 1769456073053
- conda: https://prefix.dev/conda-forge/linux-64/libgcc-15.2.0-he0feb66_19.conda
  sha256: 8e0a3b5e41272e5678499b5dfc4cddb673f9e935de01eb0767ce857001229f46
  md5: 57736f29cc2b0ec0b6c2952d3f101b6a
  depends:
  - __glibc >=2.17,<3.0.a0
  - _openmp_mutex >=4.5
  constrains:
  - libgcc-ng ==15.2.0=*_19
  - libgomp 15.2.0 he0feb66_19
  license: GPL-3.0-only WITH GCC-exception-3.1
  license_family: GPL
  run_exports: {}
  size: 1041084
  timestamp: 1778269013026
- conda: https://prefix.dev/conda-forge/linux-64/libgomp-15.2.0-he0feb66_19.conda
  sha256: 5abe4ab9d93f6c9757d654f1969ae2267d4505315c1f2f8fe705fd60af084f1b
  md5: faac990cb7aedc7f3a2224f2c9b0c26c
  depends:
  - __glibc >=2.17,<3.0.a0
  license: GPL-3.0-only WITH GCC-exception-3.1
  license_family: GPL
  run_exports:
    strong:
    - _openmp_mutex >=4.5
  size: 603817
  timestamp: 1778268942614
- conda: https://prefix.dev/conda-forge/linux-64/liblzma-5.8.3-hb03c661_0.conda
  sha256: ec30e52a3c1bf7d0425380a189d209a52baa03f22fb66dd3eb587acaa765bd6d
  md5: b88d90cad08e6bc8ad540cb310a761fb
  depends:
  - __glibc >=2.17,<3.0.a0
  - libgcc >=14
  constrains:
  - xz 5.8.3.*
  license: 0BSD
  run_exports:
    weak:
    - liblzma >=5.8.3,<6.0a0
  size: 113478
  timestamp: 1775825492909
- conda: https://prefix.dev/conda-forge/linux-64/libmpdec-4.0.0-hb03c661_1.conda
  sha256: fe171ed5cf5959993d43ff72de7596e8ac2853e9021dec0344e583734f1e0843
  md5: 2c21e66f50753a083cbe6b80f38268fa
  depends:
  - __glibc >=2.17,<3.0.a0
  - libgcc >=14
  license: BSD-2-Clause
  license_family: BSD
  run_exports: {}
  size: 92400
  timestamp: 1769482286018
- conda: https://prefix.dev/conda-forge/linux-64/libsodium-1.0.22-h280c20c_1.conda
  sha256: b677bbf1c339d894757c3dcfbb2f88649e499e4991d70ae09a1466da9a6c92d6
  md5: 965e4d531b588b2e42f66fd8e48b056c
  depends:
  - __glibc >=2.17,<3.0.a0
  - libgcc >=14
  license: ISC
  run_exports:
    weak:
    - libsodium >=1.0.22,<1.0.23.0a0
  size: 269272
  timestamp: 1779163468406
- conda: https://prefix.dev/conda-forge/linux-64/libsqlite-3.53.3-h0c1763c_0.conda
  sha256: 365376f4815e5e80def2b3462a2419708b7c292da0da85278386c2618621fff4
  md5: 4aed8e657e9ff156bdbe849b4df44389
  depends:
  - __glibc >=2.17,<3.0.a0
  - libgcc >=14
  - libzlib >=1.3.2,<2.0a0
  license: blessing
  run_exports:
    weak:
    - libsqlite >=3.53.3,<4.0a0
  size: 962119
  timestamp: 1782519076616
- conda: https://prefix.dev/conda-forge/linux-64/libstdcxx-15.2.0-h934c35e_19.conda
  sha256: dff1058c76ec6b8759e41cefa2508162d00e4a5e6721aa68ec3fd10094e702dc
  md5: 5794b3bdc38177caf969dabd3af08549
  depends:
  - __glibc >=2.17,<3.0.a0
  - libgcc 15.2.0 he0feb66_19
  constrains:
  - libstdcxx-ng ==15.2.0=*_19
  license: GPL-3.0-only WITH GCC-exception-3.1
  license_family: GPL
  run_exports: {}
  size: 5852044
  timestamp: 1778269036376
- conda: https://prefix.dev/conda-forge/linux-64/libuuid-2.42.2-h5347b49_0.conda
  sha256: 9b1bdce27a7e31f7d241aeecff67a1f3101d52a2b1e33ccc2cdf2613072bf81f
  md5: 01bb81d12c957de066ea7362007df642
  depends:
  - libgcc >=14
  - __glibc >=2.17,<3.0.a0
  license: BSD-3-Clause
  license_family: BSD
  run_exports:
    weak:
    - libuuid >=2.42.2,<3.0a0
  size: 40017
  timestamp: 1781625522462
- conda: https://prefix.dev/conda-forge/linux-64/libzlib-1.3.2-h25fd6f3_2.conda
  sha256: 55044c403570f0dc26e6364de4dc5368e5f3fc7ff103e867c487e2b5ab2bcda9
  md5: d87ff7921124eccd67248aa483c23fec
  depends:
  - __glibc >=2.17,<3.0.a0
  constrains:
  - zlib 1.3.2 *_2
  license: Zlib
  license_family: Other
  run_exports:
    weak:
    - libzlib >=1.3.2,<2.0a0
  size: 63629
  timestamp: 1774072609062
- conda: https://prefix.dev/conda-forge/linux-64/ncurses-6.6-hdb14827_0.conda
  sha256: fc89f74bbe362fb29fa3c037697a89bec140b346a2469a90f7936d1d7ea4d8a3
  md5: fc21868a1a5aacc937e7a18747acb8a5
  depends:
  - __glibc >=2.17,<3.0.a0
  - libgcc >=14
  license: X11 AND BSD-3-Clause
  run_exports:
    weak:
    - ncurses >=6.6,<7.0a0
  size: 918956
  timestamp: 1777422145199
- conda: https://prefix.dev/conda-forge/linux-64/openssl-3.6.3-h35e630c_0.conda
  sha256: d48f5c22b9897c01e4dff3680f1f57ceb02711ab9c62f74339b080419dfad34b
  md5: 79dd2074b5cd5c5c6b2930514a11e22d
  depends:
  - __glibc >=2.17,<3.0.a0
  - ca-certificates
  - libgcc >=14
  license: Apache-2.0
  license_family: Apache
  run_exports:
    weak:
    - openssl >=3.6.3,<4.0a0
  size: 3159683
  timestamp: 1781069855778
- conda: https://prefix.dev/conda-forge/linux-64/patchelf-0.18.0-h3f2d84a_2.conda
  sha256: 2f1caf273c7816fcff6e8438138c29d08264f8371dc0e23f86e993ccc7e978dc
  md5: 5a6bde274af5252392b446ead19047d0
  depends:
  - __glibc >=2.17,<3.0.a0
  - libgcc >=13
  - libstdcxx >=13
  - libgcc >=13
  license: GPL-3.0-or-later
  license_family: GPL
  run_exports: {}
  size: 136130
  timestamp: 1745559387060
- conda: https://prefix.dev/conda-forge/linux-64/pynacl-1.6.2-py314h3129cac_3.conda
  sha256: f056fcf3cce269b1adacf8430c64e5158f66ca488e87a48930b30f6c0a3b713c
  md5: 9932a521940ce7ba253c117dbf2f7b82
  depends:
  - __glibc >=2.17,<3.0.a0
  - cffi >=2.0.0
  - libgcc >=14
  - libsodium >=1.0.22,<1.0.23.0a0
  - python >=3.14,<3.15.0a0
  - python_abi 3.14.* *_cp314
  - six
  license: Apache-2.0
  license_family: Apache
  run_exports: {}
  size: 1240349
  timestamp: 1783594399150
- conda: https://prefix.dev/conda-forge/linux-64/python-3.14.6-habeac84_100_cp314.conda
  build_number: 100
  sha256: 6d28ac2b061179deb434d3d57afa98ffd20ec3c5d44ab8048a1ca33424b22d38
  md5: 0b9b2f83b5b600e1ac38becde8d0dd44
  depends:
  - __glibc >=2.17,<3.0.a0
  - bzip2 >=1.0.8,<2.0a0
  - ld_impl_linux-64 >=2.36.1
  - libexpat >=2.8.1,<3.0a0
  - libffi >=3.5.2,<3.6.0a0
  - libgcc >=14
  - liblzma >=5.8.3,<6.0a0
  - libmpdec >=4.0.0,<5.0a0
  - libsqlite >=3.53.2,<4.0a0
  - libuuid >=2.42.1,<3.0a0
  - libzlib >=1.3.2,<2.0a0
  - ncurses >=6.6,<7.0a0
  - openssl >=3.5.7,<4.0a0
  - python_abi 3.14.* *_cp314
  - readline >=8.3,<9.0a0
  - tk >=8.6.13,<8.7.0a0
  - tzdata
  - zstd >=1.5.7,<1.6.0a0
  license: Python-2.0
  run_exports:
    weak:
    - python_abi 3.14.* *_cp314
    noarch:
    - python
  size: 36717183
  timestamp: 1781255094700
  python_site_packages_path: lib/python3.14/site-packages
- conda: https://prefix.dev/conda-forge/linux-64/pywin32-312-py314hf7abadb_0.conda
  sha256: 86cc076aed493fa76fff9d3f28cea3c9d05c372ad9821ba8f458b2b0e766e098
  md5: 329ea8981072fde77b699239460796de
  depends:
  - python
  - python_abi 3.14.* *_cp314
  license: PSF-2.0
  license_family: PSF
  run_exports: {}
  size: 8796
  timestamp: 1781362841903
- conda: https://prefix.dev/conda-forge/linux-64/pyyaml-6.0.3-py314h67df5f8_1.conda
  sha256: b318fb070c7a1f89980ef124b80a0b5ccf3928143708a85e0053cde0169c699d
  md5: 2035f68f96be30dc60a5dfd7452c7941
  depends:
  - __glibc >=2.17,<3.0.a0
  - libgcc >=14
  - python >=3.14,<3.15.0a0
  - python_abi 3.14.* *_cp314
  - yaml >=0.2.5,<0.3.0a0
  license: MIT
  license_family: MIT
  run_exports: {}
  size: 202391
  timestamp: 1770223462836
- conda: https://prefix.dev/conda-forge/linux-64/rattler-build-0.69.1-ha759004_0.conda
  sha256: d2efa40ce9f081e7b986b9e38e7a37347a3c704b115fabb279144fe666e5042b
  md5: 36a5570e43547ff728801ea150ca0ef4
  depends:
  - patchelf
  - __glibc >=2.17,<3.0.a0
  - libstdcxx >=14
  - libgcc >=14
  - openssl >=3.5.7,<4.0a0
  constrains:
  - __glibc >=2.17
  license: BSD-3-Clause
  license_family: BSD
  run_exports: {}
  size: 19581806
  timestamp: 1784200424207
- conda: https://prefix.dev/conda-forge/linux-64/readline-8.3-h853b02a_0.conda
  sha256: 12ffde5a6f958e285aa22c191ca01bbd3d6e710aa852e00618fa6ddc59149002
  md5: d7d95fc8287ea7bf33e0e7116d2b95ec
  depends:
  - __glibc >=2.17,<3.0.a0
  - libgcc >=14
  - ncurses >=6.5,<7.0a0
  license: GPL-3.0-only
  license_family: GPL
  run_exports:
    weak:
    - readline >=8.3,<9.0a0
  size: 345073
  timestamp: 1765813471974
- conda: https://prefix.dev/conda-forge/linux-64/tk-8.6.13-noxft_hd70dff1_3.conda
  build_number: 103
  sha256: 43624eab22f5f29df7d6ffe914cf442f28fd559b55b290906255492826e636e8
  md5: 48a1049e710857572fc2a832aa394d9f
  depends:
  - __glibc >=2.17,<3.0.a0
  - libgcc >=14
  - libzlib >=1.3.2,<2.0a0
  constrains:
  - xorg-libx11 >=1.8.13,<2.0a0
  license: TCL
  run_exports:
    weak:
    - tk >=8.6.13,<8.7.0a0
  size: 3550916
  timestamp: 1784229071544
- conda: https://prefix.dev/conda-forge/linux-64/uv-0.11.29-h2112641_0.conda
  sha256: a5b92c2cedcaba3b877d6c4aab42853f57b6bb26f9c901cfb5aa5da03269d310
  md5: 5552b8d0f33cf86753d35da1b3ec0736
  depends:
  - libstdcxx >=14
  - libgcc >=14
  - __glibc >=2.17,<3.0.a0
  constrains:
  - __glibc >=2.17
  license: Apache-2.0 OR MIT
  run_exports: {}
  size: 20782187
  timestamp: 1784166603021
- conda: https://prefix.dev/conda-forge/linux-64/yaml-0.2.5-h280c20c_3.conda
  sha256: 6d9ea2f731e284e9316d95fa61869fe7bbba33df7929f82693c121022810f4ad
  md5: a77f85f77be52ff59391544bfe73390a
  depends:
  - libgcc >=14
  - __glibc >=2.17,<3.0.a0
  license: MIT
  license_family: MIT
  run_exports:
    weak:
    - yaml >=0.2.5,<0.3.0a0
  size: 85189
  timestamp: 1753484064210
- conda: https://prefix.dev/conda-forge/linux-64/zstd-1.5.7-hb78ec9c_6.conda
  sha256: 68f0206ca6e98fea941e5717cec780ed2873ffabc0e1ed34428c061e2c6268c7
  md5: 4a13eeac0b5c8e5b8ab496e6c4ddd829
  depends:
  - __glibc >=2.17,<3.0.a0
  - libzlib >=1.3.1,<2.0a0
  license: BSD-3-Clause
  license_family: BSD
  run_exports:
    weak:
    - zstd >=1.5.7,<1.6.0a0
  size: 601375
  timestamp: 1764777111296
- conda: https://prefix.dev/conda-forge/noarch/backports.zstd-1.6.0-py314h680f03e_0.conda
  noarch: generic
  sha256: 709cac7434d1c5a8828105036212a2a36022a07d807e89e2e99cac939c2d2526
  md5: 40d89d8546ad6e139e73ec8f6d56068b
  depends:
  - python >=3.14
  license: BSD-3-Clause AND MIT AND EPL-2.0
  run_exports: {}
  size: 7526
  timestamp: 1781450817767
- conda: https://prefix.dev/conda-forge/noarch/ca-certificates-2026.6.17-hbd8a1cb_0.conda
  sha256: f8e3c730fa14ee3f170493779f06522c4acf89169f43db4f039727709b6419cf
  md5: a9965dd99f683c5f444428f896635716
  depends:
  - __unix
  license: ISC
  run_exports: {}
  size: 128866
  timestamp: 1781708962055
- conda: https://prefix.dev/conda-forge/noarch/certifi-2026.6.17-pyhd8ed1ab_0.conda
  sha256: 6c13620e458ba43278379d0cdacc30c497336bddfda81681fd50d114a65c702f
  md5: c13824fedced67005d3832c152fe9c2f
  depends:
  - python >=3.10
  license: ISC
  run_exports: {}
  size: 133877
  timestamp: 1781719949728
- conda: https://prefix.dev/conda-forge/noarch/charset-normalizer-3.4.9-pyhd8ed1ab_0.conda
  sha256: 8d8813ef655b4e75e4fb897abd83ad548882efad7b4e836b021b797f42780799
  md5: d154b40b109e503430979e8a8d099eaf
  depends:
  - python >=3.10
  license: MIT
  license_family: MIT
  run_exports: {}
  size: 61418
  timestamp: 1783505332569
- conda: https://prefix.dev/conda-forge/noarch/colorama-0.4.6-pyhd8ed1ab_1.conda
  sha256: ab29d57dc70786c1269633ba3dff20288b81664d3ff8d21af995742e2bb03287
  md5: 962b9857ee8e7018c22f2776ffa0b2d7
  depends:
  - python >=3.9
  license: BSD-3-Clause
  license_family: BSD
  run_exports: {}
  size: 27011
  timestamp: 1733218222191
- conda: https://prefix.dev/conda-forge/noarch/docker-py-7.2.0-pyhcf101f3_1.conda
  sha256: ad3380a425573629e587b35774db715aa62c33d17da49bb0a4e5f4e6a1ce739a
  md5: b991b81539239b4bb0a1ffccfe186299
  depends:
  - paramiko >=2.4.3
  - python >=3.10
  - pywin32 >=304
  - requests >=2.26.0
  - urllib3 >=1.26.0
  - websocket-client >=1.3.0
  - python
  license: Apache-2.0
  license_family: APACHE
  run_exports: {}
  size: 114725
  timestamp: 1783876401283
- conda: https://prefix.dev/conda-forge/noarch/exceptiongroup-1.3.1-pyhd8ed1ab_0.conda
  sha256: ee6cf346d017d954255bbcbdb424cddea4d14e4ed7e9813e429db1d795d01144
  md5: 8e662bd460bda79b1ea39194e3c4c9ab
  depends:
  - python >=3.10
  - typing_extensions >=4.6.0
  license: MIT and PSF-2.0
  run_exports: {}
  size: 21333
  timestamp: 1763918099466
- conda: https://prefix.dev/conda-forge/noarch/h2-4.3.0-pyhcf101f3_0.conda
  sha256: 84c64443368f84b600bfecc529a1194a3b14c3656ee2e832d15a20e0329b6da3
  md5: 164fc43f0b53b6e3a7bc7dce5e4f1dc9
  depends:
  - python >=3.10
  - hyperframe >=6.1,<7
  - hpack >=4.1,<5
  - python
  license: MIT
  license_family: MIT
  run_exports: {}
  size: 95967
  timestamp: 1756364871835
- conda: https://prefix.dev/conda-forge/noarch/hpack-4.2.0-pyhd8ed1ab_0.conda
  sha256: fdcea5d7cb314485d3907192ef024c704311548c5b0cbeb390cd1951051e29d2
  md5: b395909221b9bd1df066e5930e18855b
  depends:
  - python >=3.10
  license: MIT
  license_family: MIT
  run_exports: {}
  size: 32884
  timestamp: 1782283986153
- conda: https://prefix.dev/conda-forge/noarch/hyperframe-6.1.0-pyhd8ed1ab_0.conda
  sha256: 77af6f5fe8b62ca07d09ac60127a30d9069fdc3c68d6b256754d0ffb1f7779f8
  md5: 8e6923fc12f1fe8f8c4e5c9f343256ac
  depends:
  - python >=3.9
  license: MIT
  license_family: MIT
  size: 17397
  timestamp: 1737618427549
- conda: https://prefix.dev/conda-forge/noarch/idna-3.18-pyhcf101f3_0.conda
  sha256: c75632ea624aa450a394f570749420c5a2e0997d0216bc29d5d45b0f39df0426
  md5: 577b04680ae422adb86fc60d7b940659
  depends:
  - python >=3.10
  - python
  license: BSD-3-Clause
  license_family: BSD
  run_exports: {}
  size: 163869
  timestamp: 1781620148226
- conda: https://prefix.dev/conda-forge/noarch/iniconfig-2.3.0-pyhd8ed1ab_0.conda
  sha256: e1a9e3b1c8fe62dc3932a616c284b5d8cbe3124bbfbedcf4ce5c828cb166ee19
  md5: 9614359868482abba1bd15ce465e3c42
  depends:
  - python >=3.10
  license: MIT
  license_family: MIT
  run_exports: {}
  size: 13387
  timestamp: 1760831448842
- conda: https://prefix.dev/conda-forge/noarch/invoke-3.0.3-pyhd8ed1ab_0.conda
  sha256: d7421c54944dec04d2671e23196a15583d48f309d06fbcf995b5dfa6d586a5e9
  md5: 4dee387356d58bdc4b686ae3424fbd9e
  depends:
  - python >=3.10
  license: BSD-2-Clause
  license_family: BSD
  run_exports: {}
  size: 133811
  timestamp: 1775579645825
- conda: https://prefix.dev/conda-forge/noarch/packaging-26.2-pyhc364b38_0.conda
  sha256: 3906abfb6511a3bb309e39b9b1b7bc38f50a723971de2395489fd1f379255890
  md5: 4c06a92e74452cfa53623a81592e8934
  depends:
  - python >=3.8
  - python
  license: Apache-2.0
  license_family: APACHE
  run_exports: {}
  size: 91574
  timestamp: 1777103621679
- conda: https://prefix.dev/conda-forge/noarch/paramiko-5.0.0-pyhd8ed1ab_0.conda
  sha256: 1b64a1b91b57c2a4c42a9e73b9a544e22fcdac55a953d2c09644b184edde7c3f
  md5: e7fa4da3b74ededb2fa7ab4171f63d21
  depends:
  - bcrypt >=3.2
  - cryptography >=3.3
  - invoke >=2.0
  - pynacl >=1.5
  - python >=3.10
  license: LGPL-2.1-or-later
  license_family: LGPL
  run_exports: {}
  size: 152584
  timestamp: 1778365181112
- conda: https://prefix.dev/conda-forge/noarch/pluggy-1.6.0-pyhf9edf01_1.conda
  sha256: e14aafa63efa0528ca99ba568eaf506eb55a0371d12e6250aaaa61718d2eb62e
  md5: d7585b6550ad04c8c5e21097ada2888e
  depends:
  - python >=3.9
  - python
  license: MIT
  license_family: MIT
  run_exports: {}
  size: 25877
  timestamp: 1764896838868
- conda: https://prefix.dev/conda-forge/noarch/pycparser-3.0-pyhcf101f3_0.conda
  sha256: e27e0473fc6723311a0bd48b89b616fa1b996a2f7a2b555338cbbcfb9c640568
  md5: 9c5491066224083c41b6d5635ed7107b
  depends:
  - python >=3.10
  - python
  license: BSD-3-Clause
  license_family: BSD
  run_exports: {}
  size: 55886
  timestamp: 1779293633166
- conda: https://prefix.dev/conda-forge/noarch/pygments-2.20.0-pyhd8ed1ab_0.conda
  sha256: cf70b2f5ad9ae472b71235e5c8a736c9316df3705746de419b59d442e8348e86
  md5: 16c18772b340887160c79a6acc022db0
  depends:
  - python >=3.10
  license: BSD-2-Clause
  license_family: BSD
  run_exports: {}
  size: 893031
  timestamp: 1774796815820
- conda: https://prefix.dev/conda-forge/noarch/pysocks-1.7.1-pyha55dd90_7.conda
  sha256: ba3b032fa52709ce0d9fd388f63d330a026754587a2f461117cac9ab73d8d0d8
  md5: 461219d1a5bd61342293efa2c0c90eac
  depends:
  - __unix
  - python >=3.9
  license: BSD-3-Clause
  license_family: BSD
  run_exports: {}
  size: 21085
  timestamp: 1733217331982
- conda: https://prefix.dev/conda-forge/noarch/pytest-9.1.1-pyhc364b38_2.conda
  sha256: 430051d80765207a7d782b2b188230ba1489d35c6e75fd9903f76cb9fda4af16
  md5: 64c98a12c4e23eb238bf66bbecafdf3c
  depends:
  - colorama
  - pygments >=2.7.2
  - python >=3.10
  - iniconfig >=1.0.1
  - packaging >=22
  - pluggy >=1.5,<2
  - tomli >=1
  - exceptiongroup >=1
  - python
  constrains:
  - pytest-faulthandler >=2
  license: MIT
  license_family: MIT
  run_exports: {}
  size: 306724
  timestamp: 1782127176429
- conda: https://prefix.dev/conda-forge/noarch/python_abi-3.14-8_cp314.conda
  build_number: 8
  sha256: ad6d2e9ac39751cc0529dd1566a26751a0bf2542adb0c232533d32e176e21db5
  md5: 0539938c55b6b1a59b560e843ad864a4
  constrains:
  - python 3.14.* *_cp314
  license: BSD-3-Clause
  license_family: BSD
  run_exports: {}
  size: 6989
  timestamp: 1752805904792
- conda: https://prefix.dev/conda-forge/noarch/requests-2.34.2-pyhcf101f3_0.conda
  sha256: 1715246b19c9f85ee022933b4845f2fc14ac9184981b7b7d9b728bec8e9588da
  md5: 4a85203c1d80c1059086ae860836ffb9
  depends:
  - python >=3.10
  - certifi >=2023.5.7
  - charset-normalizer >=2,<4
  - idna >=2.5,<4
  - urllib3 >=1.26,<3
  - python
  constrains:
  - chardet >=3.0.2,<8
  license: Apache-2.0
  license_family: APACHE
  run_exports: {}
  size: 68709
  timestamp: 1778851103479
- conda: https://prefix.dev/conda-forge/noarch/setuptools-83.0.0-pyh332efcf_0.conda
  sha256: 48a9f96016505debadfc67f06de7ac548decbc38d327409b24b0432ef6f16335
  md5: 6bf6acbab2499830180ec88c3aff2fa4
  depends:
  - python >=3.10
  license: MIT
  license_family: MIT
  run_exports: {}
  size: 642081
  timestamp: 1783619174976
- conda: https://prefix.dev/conda-forge/noarch/six-1.17.0-pyhe01879c_1.conda
  sha256: 458227f759d5e3fcec5d9b7acce54e10c9e1f4f4b7ec978f3bfd54ce4ee9853d
  md5: 3339e3b65d58accf4ca4fb8748ab16b3
  depends:
  - python >=3.9
  - python
  license: MIT
  license_family: MIT
  run_exports: {}
  size: 18455
  timestamp: 1753199211006
- conda: https://prefix.dev/conda-forge/noarch/tomli-2.4.1-pyhcf101f3_0.conda
  sha256: 91cafdb64268e43e0e10d30bd1bef5af392e69f00edd34dfaf909f69ab2da6bd
  md5: b5325cf06a000c5b14970462ff5e4d58
  depends:
  - python >=3.10
  - python
  license: MIT
  license_family: MIT
  run_exports: {}
  size: 21561
  timestamp: 1774492402955
- conda: https://prefix.dev/conda-forge/noarch/typing_extensions-4.16.0-pyhcf101f3_0.conda
  sha256: 2d888f90af0686044882c74193ec80a90ec1943145d94a7b1b048958acda1848
  md5: c70ad746c22219b9700931707482992c
  depends:
  - python >=3.10
  - python
  license: PSF-2.0
  license_family: PSF
  run_exports: {}
  size: 52631
  timestamp: 1783002732887
- conda: https://prefix.dev/conda-forge/noarch/tzdata-2026c-h151e31d_0.conda
  sha256: b928c30ddcb0e3f544c6eade8352737e6e610e263276b90232db6a578ef899d8
  md5: fcb489df604d100968b737f2cb6076c6
  license: LicenseRef-Public-Domain
  run_exports: {}
  size: 118849
  timestamp: 1784250406640
- conda: https://prefix.dev/conda-forge/noarch/urllib3-2.7.0-pyhd8ed1ab_0.conda
  sha256: feff959a816f7988a0893201aa9727bbb7ee1e9cec2c4f0428269b489eb93fb4
  md5: cbb88288f74dbe6ada1c6c7d0a97223e
  depends:
  - backports.zstd >=1.0.0
  - brotli-python >=1.2.0
  - h2 >=4,<5
  - pysocks >=1.5.6,<2.0,!=1.5.7
  - python >=3.10
  license: MIT
  license_family: MIT
  run_exports: {}
  size: 103560
  timestamp: 1778188657149
- conda: https://prefix.dev/conda-forge/noarch/websocket-client-1.9.0-pyhd8ed1ab_0.conda
  sha256: 42a2b61e393e61cdf75ced1f5f324a64af25f347d16c60b14117393a98656397
  md5: 2f1ed718fcd829c184a6d4f0f2e07409
  depends:
  - python >=3.10
  license: Apache-2.0
  license_family: APACHE
  run_exports: {}
  size: 61391
  timestamp: 1759928175142
- conda_source: contents[8d7daaf1] @ .
  variants:
    target_platform: noarch
  depends:
  - python >=3.10
  - python *
  license: MIT
  host_packages:
  - conda: https://prefix.dev/conda-forge/linux-64/_openmp_mutex-4.5-20_gnu.conda
  - conda: https://prefix.dev/conda-forge/linux-64/bzip2-1.0.8-hda65f42_9.conda
  - conda: https://prefix.dev/conda-forge/linux-64/ld_impl_linux-64-2.46.1-default_hbd61a6d_102.conda
  - conda: https://prefix.dev/conda-forge/linux-64/libexpat-2.8.1-hecca717_1.conda
  - conda: https://prefix.dev/conda-forge/linux-64/libffi-3.5.2-h3435931_0.conda
  - conda: https://prefix.dev/conda-forge/linux-64/libgcc-15.2.0-he0feb66_19.conda
  - conda: https://prefix.dev/conda-forge/linux-64/libgomp-15.2.0-he0feb66_19.conda
  - conda: https://prefix.dev/conda-forge/linux-64/liblzma-5.8.3-hb03c661_0.conda
  - conda: https://prefix.dev/conda-forge/linux-64/libmpdec-4.0.0-hb03c661_1.conda
  - conda: https://prefix.dev/conda-forge/linux-64/libsqlite-3.53.3-h0c1763c_0.conda
  - conda: https://prefix.dev/conda-forge/linux-64/libstdcxx-15.2.0-h934c35e_19.conda
  - conda: https://prefix.dev/conda-forge/linux-64/libuuid-2.42.2-h5347b49_0.conda
  - conda: https://prefix.dev/conda-forge/linux-64/libzlib-1.3.2-h25fd6f3_2.conda
  - conda: https://prefix.dev/conda-forge/linux-64/ncurses-6.6-hdb14827_0.conda
  - conda: https://prefix.dev/conda-forge/linux-64/openssl-3.6.3-h35e630c_0.conda
  - conda: https://prefix.dev/conda-forge/linux-64/python-3.14.6-habeac84_100_cp314.conda
  - conda: https://prefix.dev/conda-forge/linux-64/readline-8.3-h853b02a_0.conda
  - conda: https://prefix.dev/conda-forge/linux-64/tk-8.6.13-noxft_hd70dff1_3.conda
  - conda: https://prefix.dev/conda-forge/linux-64/uv-0.11.29-h2112641_0.conda
  - conda: https://prefix.dev/conda-forge/linux-64/zstd-1.5.7-hb78ec9c_6.conda
  - conda: https://prefix.dev/conda-forge/noarch/ca-certificates-2026.6.17-hbd8a1cb_0.conda
  - conda: https://prefix.dev/conda-forge/noarch/python_abi-3.14-8_cp314.conda
  - conda: https://prefix.dev/conda-forge/noarch/setuptools-83.0.0-pyh332efcf_0.conda
  - conda: https://prefix.dev/conda-forge/noarch/tzdata-2026c-h151e31d_0.conda
